
Microsoft Visual Studio Solution File, Format Version 12.00
# Visual Studio Version 16
VisualStudioVersion = 16.0.29911.84
MinimumVisualStudioVersion = 10.0.40219.1
Project("{888888A0-9F3D-457C-B088-3A5042F75D52}") = "CounterA", "CounterA.pyproj", "{4B8F4AFF-4BF5-4469-8B54-61A4BD113435}"
EndProject
Global
	GlobalSection(SolutionConfigurationPlatforms) = preSolution
		Debug|Any CPU = Debug|Any CPU
		Release|Any CPU = Release|Any CPU
	EndGlobalSection
	GlobalSection(ProjectConfigurationPlatforms) = postSolution
		{4B8F4AFF-4BF5-4469-8B54-61A4BD113435}.Debug|Any CPU.ActiveCfg = Debug|Any CPU
		{4B8F4AFF-4BF5-4469-8B54-61A4BD113435}.Debug|Any CPU.Build.0 = Debug|Any CPU
		{4B8F4AFF-4BF5-4469-8B54-61A4BD113435}.Release|Any CPU.ActiveCfg = Release|Any CPU
		{4B8F4AFF-4BF5-4469-8B54-61A4BD113435}.Release|Any CPU.Build.0 = Release|Any CPU
	EndGlobalSection
	GlobalSection(SolutionProperties) = preSolution
		HideSolutionNode = FALSE
	EndGlobalSection
	GlobalSection(ExtensibilityGlobals) = postSolution
		SolutionGuid = {E607E772-C2A2-41DD-86AB-82AE9778A378}
	EndGlobalSection
EndGlobal
